Microsoft Visual Studio Solution File, Format Version 12.00
# Visual Studio 15
VisualStudioVersion = 15.0.27130.2027
MinimumVisualStudioVersion = 15.0.26124.0
Project("{9A19103F-16F7-4668-BE54-9A1E7A4F7556}") = "Messages", "src\Messages\Messages.csproj", "{EE438E1E-ADFC-496B-9383-B1CF61E7B035}"
EndProject
Project("{9A19103F-16F7-4668-BE54-9A1E7A4F7556}") = "Shop", "src\Shop\Shop.csproj", "{6814143E-1C55-4A5B-9729-9362600A1F4B}"
EndProject
Project("{9A19103F-16F7-4668-BE54-9A1E7A4F7556}") = "Payments", "src\Payments\Payments.csproj", "{60946325-71B8-4C7B-8B43-6D5C4DEEEF59}"
EndProject
Project("{9A19103F-16F7-4668-BE54-9A1E7A4F7556}") = "Reporting", "src\Reporting\Reporting.csproj", "{F578680C-6D34-44F9-A1E3-01D7F2289AAD}"
EndProject
Global
	GlobalSection(SolutionConfigurationPlatforms) = preSolution
		Debug|Any CPU = Debug|Any CPU
		Debug|x64 = Debug|x64
		Debug|x86 = Debug|x86
		Release|Any CPU = Release|Any CPU
		Release|x64 = Release|x64
		Release|x86 = Release|x86
	EndGlobalSection
	GlobalSection(ProjectConfigurationPlatforms) = postSolution
		{EE438E1E-ADFC-496B-9383-B1CF61E7B035}.Debug|Any CPU.ActiveCfg = Debug|Any CPU
		{EE438E1E-ADFC-496B-9383-B1CF61E7B035}.Debug|Any CPU.Build.0 = Debug|Any CPU
		{EE438E1E-ADFC-496B-9383-B1CF61E7B035}.Debug|x64.ActiveCfg = Debug|Any CPU
		{EE438E1E-ADFC-496B-9383-B1CF61E7B035}.Debug|x64.Build.0 = Debug|Any CPU
		{EE438E1E-ADFC-496B-9383-B1CF61E7B035}.Debug|x86.ActiveCfg = Debug|Any CPU
		{EE438E1E-ADFC-496B-9383-B1CF61E7B035}.Debug|x86.Build.0 = Debug|Any CPU
		{EE438E1E-ADFC-496B-9383-B1CF61E7B035}.Release|Any CPU.ActiveCfg = Release|Any CPU
		{EE438E1E-ADFC-496B-9383-B1CF61E7B035}.Release|Any CPU.Build.0 = Release|Any CPU
		{EE438E1E-ADFC-496B-9383-B1CF61E7B035}.Release|x64.ActiveCfg = Release|Any CPU
		{EE438E1E-ADFC-496B-9383-B1CF61E7B035}.Release|x64.Build.0 = Release|Any CPU
		{EE438E1E-ADFC-496B-9383-B1CF61E7B035}.Release|x86.ActiveCfg = Release|Any CPU
		{EE438E1E-ADFC-496B-9383-B1CF61E7B035}.Release|x86.Build.0 = Release|Any CPU
		{6814143E-1C55-4A5B-9729-9362600A1F4B}.Debug|Any CPU.ActiveCfg = Debug|Any CPU
		{6814143E-1C55-4A5B-9729-9362600A1F4B}.Debug|Any CPU.Build.0 = Debug|Any CPU
		{6814143E-1C55-4A5B-9729-9362600A1F4B}.Debug|x64.ActiveCfg = Debug|Any CPU
		{6814143E-1C55-4A5B-9729-9362600A1F4B}.Debug|x64.Build.0 = Debug|Any CPU
		{6814143E-1C55-4A5B-9729-9362600A1F4B}.Debug|x86.ActiveCfg = Debug|Any CPU
		{6814143E-1C55-4A5B-9729-9362600A1F4B}.Debug|x86.Build.0 = Debug|Any CPU
		{6814143E-1C55-4A5B-9729-9362600A1F4B}.Release|Any CPU.ActiveCfg = Release|Any CPU
		{6814143E-1C55-4A5B-9729-9362600A1F4B}.Release|Any CPU.Build.0 = Release|Any CPU
		{6814143E-1C55-4A5B-9729-9362600A1F4B}.Release|x64.ActiveCfg = Release|Any CPU
		{6814143E-1C55-4A5B-9729-9362600A1F4B}.Release|x64.Build.0 = Release|Any CPU
		{6814143E-1C55-4A5B-9729-9362600A1F4B}.Release|x86.ActiveCfg = Release|Any CPU
		{6814143E-1C55-4A5B-9729-9362600A1F4B}.Release|x86.Build.0 = Release|Any CPU
		{60946325-71B8-4C7B-8B43-6D5C4DEEEF59}.Debug|Any CPU.ActiveCfg = Debug|Any CPU
		{60946325-71B8-4C7B-8B43-6D5C4DEEEF59}.Debug|Any CPU.Build.0 = Debug|Any CPU
		{60946325-71B8-4C7B-8B43-6D5C4DEEEF59}.Debug|x64.ActiveCfg = Debug|Any CPU
		{60946325-71B8-4C7B-8B43-6D5C4DEEEF59}.Debug|x64.Build.0 = Debug|Any CPU
		{60946325-71B8-4C7B-8B43-6D5C4DEEEF59}.Debug|x86.ActiveCfg = Debug|Any CPU
		{60946325-71B8-4C7B-8B43-6D5C4DEEEF59}.Debug|x86.Build.0 = Debug|Any CPU
		{60946325-71B8-4C7B-8B43-6D5C4DEEEF59}.Release|Any CPU.ActiveCfg = Release|Any CPU
		{60946325-71B8-4C7B-8B43-6D5C4DEEEF59}.Release|Any CPU.Build.0 = Release|Any CPU
		{60946325-71B8-4C7B-8B43-6D5C4DEEEF59}.Release|x64.ActiveCfg = Release|Any CPU
		{60946325-71B8-4C7B-8B43-6D5C4DEEEF59}.Release|x64.Build.0 = Release|Any CPU
		{60946325-71B8-4C7B-8B43-6D5C4DEEEF59}.Release|x86.ActiveCfg = Release|Any CPU
		{60946325-71B8-4C7B-8B43-6D5C4DEEEF59}.Release|x86.Build.0 = Release|Any CPU
		{F578680C-6D34-44F9-A1E3-01D7F2289AAD}.Debug|Any CPU.ActiveCfg = Debug|Any CPU
		{F578680C-6D34-44F9-A1E3-01D7F2289AAD}.Debug|Any CPU.Build.0 = Debug|Any CPU
		{F578680C-6D34-44F9-A1E3-01D7F2289AAD}.Debug|x64.ActiveCfg = Debug|Any CPU
		{F578680C-6D34-44F9-A1E3-01D7F2289AAD}.Debug|x64.Build.0 = Debug|Any CPU
		{F578680C-6D34-44F9-A1E3-01D7F2289AAD}.Debug|x86.ActiveCfg = Debug|Any CPU
		{F578680C-6D34-44F9-A1E3-01D7F2289AAD}.Debug|x86.Build.0 = Debug|Any CPU
		{F578680C-6D34-44F9-A1E3-01D7F2289AAD}.Release|Any CPU.ActiveCfg = Release|Any CPU
		{F578680C-6D34-44F9-A1E3-01D7F2289AAD}.Release|Any CPU.Build.0 = Release|Any CPU
		{F578680C-6D34-44F9-A1E3-01D7F2289AAD}.Release|x64.ActiveCfg = Release|Any CPU
		{F578680C-6D34-44F9-A1E3-01D7F2289AAD}.Release|x64.Build.0 = Release|Any CPU
		{F578680C-6D34-44F9-A1E3-01D7F2289AAD}.Release|x86.ActiveCfg = Release|Any CPU
		{F578680C-6D34-44F9-A1E3-01D7F2289AAD}.Release|x86.Build.0 = Release|Any CPU
	EndGlobalSection
	GlobalSection(SolutionProperties) = preSolution
		HideSolutionNode = FALSE
	EndGlobalSection
	GlobalSection(ExtensibilityGlobals) = postSolution
		SolutionGuid = {334B7C0B-8A6A-45BC-8C1D-8A9EC2B579EF}
	EndGlobalSection
EndGlobal
